Microsoft Visual Studio Solution File, Format Version 9.00
# Visual Studio 2005
Project("{8BC9CEB8-8B4A-11D0-8D11-00A0C91BC942}") = "gmod_luajit", "gmod_luajit.vcproj", "{A8F767CE-4DF4-4294-B22C-88568EDCDC0C}"
	ProjectSection(ProjectDependencies) = postProject
		{12B7DC03-19DA-4186-8A49-E9FCF570C979} = {12B7DC03-19DA-4186-8A49-E9FCF570C979}
		{47CCB647-14AB-48C7-A958-C304EB056514} = {47CCB647-14AB-48C7-A958-C304EB056514}
		{DD5FB929-9AEC-4F98-8E41-702EC5FF88A1} = {DD5FB929-9AEC-4F98-8E41-702EC5FF88A1}
	EndProjectSection
EndProject
Project("{8BC9CEB8-8B4A-11D0-8D11-00A0C91BC942}") = "detours", "src\detours\detours.vcproj", "{DD5FB929-9AEC-4F98-8E41-702EC5FF88A1}"
EndProject
Project("{8BC9CEB8-8B4A-11D0-8D11-00A0C91BC942}") = "lua", "src\lua\lua.vcproj", "{12B7DC03-19DA-4186-8A49-E9FCF570C979}"
	ProjectSection(ProjectDependencies) = postProject
		{7BC6FEFE-68DC-431B-BAC2-DF1EAF61FD17} = {7BC6FEFE-68DC-431B-BAC2-DF1EAF61FD17}
	EndProjectSection
EndProject
Project("{8BC9CEB8-8B4A-11D0-8D11-00A0C91BC942}") = "sigscan", "src\sigscan\sigscan.vcproj", "{47CCB647-14AB-48C7-A958-C304EB056514}"
EndProject
Project("{8BC9CEB8-8B4A-11D0-8D11-00A0C91BC942}") = "minilua", "src\lua\minilua.vcproj", "{B145AEED-0BD5-4B61-BF0B-FEEE58520E76}"
EndProject
Project("{8BC9CEB8-8B4A-11D0-8D11-00A0C91BC942}") = "buildvm", "src\lua\buildvm.vcproj", "{7BC6FEFE-68DC-431B-BAC2-DF1EAF61FD17}"
	ProjectSection(ProjectDependencies) = postProject
		{B145AEED-0BD5-4B61-BF0B-FEEE58520E76} = {B145AEED-0BD5-4B61-BF0B-FEEE58520E76}
	EndProjectSection
EndProject
Global
	GlobalSection(SolutionConfigurationPlatforms) = preSolution
		Debug|Win32 = Debug|Win32
		Release|Win32 = Release|Win32
	EndGlobalSection
	GlobalSection(ProjectConfigurationPlatforms) = postSolution
		{A8F767CE-4DF4-4294-B22C-88568EDCDC0C}.Debug|Win32.ActiveCfg = Debug|Win32
		{A8F767CE-4DF4-4294-B22C-88568EDCDC0C}.Debug|Win32.Build.0 = Debug|Win32
		{A8F767CE-4DF4-4294-B22C-88568EDCDC0C}.Release|Win32.ActiveCfg = Release|Win32
		{A8F767CE-4DF4-4294-B22C-88568EDCDC0C}.Release|Win32.Build.0 = Release|Win32
		{DD5FB929-9AEC-4F98-8E41-702EC5FF88A1}.Debug|Win32.ActiveCfg = Debug|Win32
		{DD5FB929-9AEC-4F98-8E41-702EC5FF88A1}.Debug|Win32.Build.0 = Debug|Win32
		{DD5FB929-9AEC-4F98-8E41-702EC5FF88A1}.Release|Win32.ActiveCfg = Release|Win32
		{DD5FB929-9AEC-4F98-8E41-702EC5FF88A1}.Release|Win32.Build.0 = Release|Win32
		{12B7DC03-19DA-4186-8A49-E9FCF570C979}.Debug|Win32.ActiveCfg = Debug|Win32
		{12B7DC03-19DA-4186-8A49-E9FCF570C979}.Debug|Win32.Build.0 = Debug|Win32
		{12B7DC03-19DA-4186-8A49-E9FCF570C979}.Release|Win32.ActiveCfg = Release|Win32
		{12B7DC03-19DA-4186-8A49-E9FCF570C979}.Release|Win32.Build.0 = Release|Win32
		{47CCB647-14AB-48C7-A958-C304EB056514}.Debug|Win32.ActiveCfg = Debug|Win32
		{47CCB647-14AB-48C7-A958-C304EB056514}.Debug|Win32.Build.0 = Debug|Win32
		{47CCB647-14AB-48C7-A958-C304EB056514}.Release|Win32.ActiveCfg = Release|Win32
		{47CCB647-14AB-48C7-A958-C304EB056514}.Release|Win32.Build.0 = Release|Win32
		{B145AEED-0BD5-4B61-BF0B-FEEE58520E76}.Debug|Win32.ActiveCfg = Debug|Win32
		{B145AEED-0BD5-4B61-BF0B-FEEE58520E76}.Debug|Win32.Build.0 = Debug|Win32
		{B145AEED-0BD5-4B61-BF0B-FEEE58520E76}.Release|Win32.ActiveCfg = Debug|Win32
		{B145AEED-0BD5-4B61-BF0B-FEEE58520E76}.Release|Win32.Build.0 = Debug|Win32
		{7BC6FEFE-68DC-431B-BAC2-DF1EAF61FD17}.Debug|Win32.ActiveCfg = Debug|Win32
		{7BC6FEFE-68DC-431B-BAC2-DF1EAF61FD17}.Debug|Win32.Build.0 = Debug|Win32
		{7BC6FEFE-68DC-431B-BAC2-DF1EAF61FD17}.Release|Win32.ActiveCfg = Release|Win32
		{7BC6FEFE-68DC-431B-BAC2-DF1EAF61FD17}.Release|Win32.Build.0 = Release|Win32
	EndGlobalSection
	GlobalSection(SolutionProperties) = preSolution
		HideSolutionNode = FALSE
	EndGlobalSection
EndGlobal
